// !$*UTF8*$!
{
	archiveVersion = 1;
	classes = {
	};
	objectVersion = 56;
	objects = {

/* Begin PBXBuildFile section */
		E38B51742CA924E3003FEC15 /* FitnessAppApp.swift in Sources */ = {isa = PBXBuildFile; fileRef = E38B51732CA924E3003FEC15 /* FitnessAppApp.swift */; };
		E38B51762CA924E3003FEC15 /* ContentView.swift in Sources */ = {isa = PBXBuildFile; fileRef = E38B51752CA924E3003FEC15 /* ContentView.swift */; };
		E38B51782CA924E6003FEC15 /* Assets.xcassets in Resources */ = {isa = PBXBuildFile; fileRef = E38B51772CA924E6003FEC15 /* Assets.xcassets */; };
		E38B517B2CA924E6003FEC15 /* Preview Assets.xcassets in Resources */ = {isa = PBXBuildFile; fileRef = E38B517A2CA924E6003FEC15 /* Preview Assets.xcassets */; };
		E38B51822CA92896003FEC15 /* FitnessTabView.swift in Sources */ = {isa = PBXBuildFile; fileRef = E38B51812CA92896003FEC15 /* FitnessTabView.swift */; };
		E38B51842CA92927003FEC15 /* HomeView.swift in Sources */ = {isa = PBXBuildFile; fileRef = E38B51832CA92927003FEC15 /* HomeView.swift */; };
		E38B51862CA92985003FEC15 /* HistoricDataView.swift in Sources */ = {isa = PBXBuildFile; fileRef = E38B51852CA92985003FEC15 /* HistoricDataView.swift */; };
		E38B51882CA92D86003FEC15 /* ProgressCircleView.swift in Sources */ = {isa = PBXBuildFile; fileRef = E38B51872CA92D86003FEC15 /* ProgressCircleView.swift */; };
		E38B518B2CA9313B003FEC15 /* ActivityCardView.swift in Sources */ = {isa = PBXBuildFile; fileRef = E38B518A2CA9313B003FEC15 /* ActivityCardView.swift */; };
		E38B518D2CA9508D003FEC15 /* WorkoutCardView.swift in Sources */ = {isa = PBXBuildFile; fileRef = E38B518C2CA9508D003FEC15 /* WorkoutCardView.swift */; };
		E38B51922CAA906E003FEC15 /* Activity.swift in Sources */ = {isa = PBXBuildFile; fileRef = E38B51912CAA906E003FEC15 /* Activity.swift */; };
		E38B51942CAA90B4003FEC15 /* Workout.swift in Sources */ = {isa = PBXBuildFile; fileRef = E38B51932CAA90B4003FEC15 /* Workout.swift */; };
		E38B51962CAA91BC003FEC15 /* HomeViewModel.swift in Sources */ = {isa = PBXBuildFile; fileRef = E38B51952CAA91BC003FEC15 /* HomeViewModel.swift */; };
/* End PBXBuildFile section */

/* Begin PBXFileReference section */
		E38B51702CA924E3003FEC15 /* FitnessApp.app */ = {isa = PBXFileReference; explicitFileType = wrapper.application; includeInIndex = 0; path = FitnessApp.app; sourceTree = BUILT_PRODUCTS_DIR; };
		E38B51732CA924E3003FEC15 /* FitnessAppApp.swift */ = {isa = PBXFileReference; lastKnownFileType = sourcecode.swift; path = FitnessAppApp.swift; sourceTree = "<group>"; };
		E38B51752CA924E3003FEC15 /* ContentView.swift */ = {isa = PBXFileReference; lastKnownFileType = sourcecode.swift; path = ContentView.swift; sourceTree = "<group>"; };
		E38B51772CA924E6003FEC15 /* Assets.xcassets */ = {isa = PBXFileReference; lastKnownFileType = folder.assetcatalog; path = Assets.xcassets; sourceTree = "<group>"; };
		E38B517A2CA924E6003FEC15 /* Preview Assets.xcassets */ = {isa = PBXFileReference; lastKnownFileType = folder.assetcatalog; path = "Preview Assets.xcassets"; sourceTree = "<group>"; };
		E38B51812CA92896003FEC15 /* FitnessTabView.swift */ = {isa = PBXFileReference; lastKnownFileType = sourcecode.swift; path = FitnessTabView.swift; sourceTree = "<group>"; };
		E38B51832CA92927003FEC15 /* HomeView.swift */ = {isa = PBXFileReference; lastKnownFileType = sourcecode.swift; path = HomeView.swift; sourceTree = "<group>"; };
		E38B51852CA92985003FEC15 /* HistoricDataView.swift */ = {isa = PBXFileReference; lastKnownFileType = sourcecode.swift; path = HistoricDataView.swift; sourceTree = "<group>"; };
		E38B51872CA92D86003FEC15 /* ProgressCircleView.swift */ = {isa = PBXFileReference; lastKnownFileType = sourcecode.swift; path = ProgressCircleView.swift; sourceTree = "<group>"; };
		E38B518A2CA9313B003FEC15 /* ActivityCardView.swift */ = {isa = PBXFileReference; lastKnownFileType = sourcecode.swift; path = ActivityCardView.swift; sourceTree = "<group>"; };
		E38B518C2CA9508D003FEC15 /* WorkoutCardView.swift */ = {isa = PBXFileReference; lastKnownFileType = sourcecode.swift; path = WorkoutCardView.swift; sourceTree = "<group>"; };
		E38B51912CAA906E003FEC15 /* Activity.swift */ = {isa = PBXFileReference; lastKnownFileType = sourcecode.swift; path = Activity.swift; sourceTree = "<group>"; };
		E38B51932CAA90B4003FEC15 /* Workout.swift */ = {isa = PBXFileReference; lastKnownFileType = sourcecode.swift; path = Workout.swift; sourceTree = "<group>"; };
		E38B51952CAA91BC003FEC15 /* HomeViewModel.swift */ = {isa = PBXFileReference; lastKnownFileType = sourcecode.swift; path = HomeViewModel.swift; sourceTree = "<group>"; };
/* End PBXFileReference section */

/* Begin PBXFrameworksBuildPhase section */
		E38B516D2CA924E3003FEC15 /* Frameworks */ = {
			isa = PBXFrameworksBuildPhase;
			buildActionMask = 2147483647;
			files = (
			);
			runOnlyForDeploymentPostprocessing = 0;
		};
/* End PBXFrameworksBuildPhase section */

/* Begin PBXGroup section */
		E38B51672CA924E3003FEC15 = {
			isa = PBXGroup;
			children = (
				E38B51722CA924E3003FEC15 /* FitnessApp */,
				E38B51712CA924E3003FEC15 /* Products */,
			);
			sourceTree = "<group>";
		};
		E38B51712CA924E3003FEC15 /* Products */ = {
			isa = PBXGroup;
			children = (
				E38B51702CA924E3003FEC15 /* FitnessApp.app */,
			);
			name = Products;
			sourceTree = "<group>";
		};
		E38B51722CA924E3003FEC15 /* FitnessApp */ = {
			isa = PBXGroup;
			children = (
				E38B51892CA93113003FEC15 /* Home */,
				E38B51732CA924E3003FEC15 /* FitnessAppApp.swift */,
				E38B51752CA924E3003FEC15 /* ContentView.swift */,
				E38B51812CA92896003FEC15 /* FitnessTabView.swift */,
				E38B51852CA92985003FEC15 /* HistoricDataView.swift */,
				E38B51772CA924E6003FEC15 /* Assets.xcassets */,
				E38B51792CA924E6003FEC15 /* Preview Content */,
			);
			path = FitnessApp;
			sourceTree = "<group>";
		};
		E38B51792CA924E6003FEC15 /* Preview Content */ = {
			isa = PBXGroup;
			children = (
				E38B517A2CA924E6003FEC15 /* Preview Assets.xcassets */,
			);
			path = "Preview Content";
			sourceTree = "<group>";
		};
		E38B51892CA93113003FEC15 /* Home */ = {
			isa = PBXGroup;
			children = (
				E38B518F2CAA902A003FEC15 /* Views */,
				E38B518E2CAA901D003FEC15 /* Models */,
				E38B51902CAA9031003FEC15 /* ViewModels */,
			);
			path = Home;
			sourceTree = "<group>";
		};
		E38B518E2CAA901D003FEC15 /* Models */ = {
			isa = PBXGroup;
			children = (
				E38B51912CAA906E003FEC15 /* Activity.swift */,
				E38B51932CAA90B4003FEC15 /* Workout.swift */,
			);
			path = Models;
			sourceTree = "<group>";
		};
		E38B518F2CAA902A003FEC15 /* Views */ = {
			isa = PBXGroup;
			children = (
				E38B51832CA92927003FEC15 /* HomeView.swift */,
				E38B51872CA92D86003FEC15 /* ProgressCircleView.swift */,
				E38B518A2CA9313B003FEC15 /* ActivityCardView.swift */,
				E38B518C2CA9508D003FEC15 /* WorkoutCardView.swift */,
			);
			path = Views;
			sourceTree = "<group>";
		};
		E38B51902CAA9031003FEC15 /* ViewModels */ = {
			isa = PBXGroup;
			children = (
				E38B51952CAA91BC003FEC15 /* HomeViewModel.swift */,
			);
			path = ViewModels;
			sourceTree = "<group>";
		};
/* End PBXGroup section */

/* Begin PBXNativeTarget section */
		E38B516F2CA924E3003FEC15 /* FitnessApp */ = {
			isa = PBXNativeTarget;
			buildConfigurationList = E38B517E2CA924E6003FEC15 /* Build configuration list for PBXNativeTarget "FitnessApp" */;
			buildPhases = (
				E38B516C2CA924E3003FEC15 /* Sources */,
				E38B516D2CA924E3003FEC15 /* Frameworks */,
				E38B516E2CA924E3003FEC15 /* Resources */,
			);
			buildRules = (
			);
			dependencies = (
			);
			name = FitnessApp;
			productName = FitnessApp;
			productReference = E38B51702CA924E3003FEC15 /* FitnessApp.app */;
			productType = "com.apple.product-type.application";
		};
/* End PBXNativeTarget section */

/* Begin PBXProject section */
		E38B51682CA924E3003FEC15 /* Project object */ = {
			isa = PBXProject;
			attributes = {
				BuildIndependentTargetsInParallel = 1;
				LastSwiftUpdateCheck = 1530;
				LastUpgradeCheck = 1530;
				TargetAttributes = {
					E38B516F2CA924E3003FEC15 = {
						CreatedOnToolsVersion = 15.3;
					};
				};
			};
			buildConfigurationList = E38B516B2CA924E3003FEC15 /* Build configuration list for PBXProject "FitnessApp" */;
			compatibilityVersion = "Xcode 14.0";
			developmentRegion = en;
			hasScannedForEncodings = 0;
			knownRegions = (
				en,
				Base,
			);
			mainGroup = E38B51672CA924E3003FEC15;
			productRefGroup = E38B51712CA924E3003FEC15 /* Products */;
			projectDirPath = "";
			projectRoot = "";
			targets = (
				E38B516F2CA924E3003FEC15 /* FitnessApp */,
			);
		};
/* End PBXProject section */

/* Begin PBXResourcesBuildPhase section */
		E38B516E2CA924E3003FEC15 /* Resources */ = {
			isa = PBXResourcesBuildPhase;
			buildActionMask = 2147483647;
			files = (
				E38B517B2CA924E6003FEC15 /* Preview Assets.xcassets in Resources */,
				E38B51782CA924E6003FEC15 /* Assets.xcassets in Resources */,
			);
			runOnlyForDeploymentPostprocessing = 0;
		};
/* End PBXResourcesBuildPhase section */

/* Begin PBXSourcesBuildPhase section */
		E38B516C2CA924E3003FEC15 /* Sources */ = {
			isa = PBXSourcesBuildPhase;
			buildActionMask = 2147483647;
			files = (
				E38B518D2CA9508D003FEC15 /* WorkoutCardView.swift in Sources */,
				E38B51962CAA91BC003FEC15 /* HomeViewModel.swift in Sources */,
				E38B51822CA92896003FEC15 /* FitnessTabView.swift in Sources */,
				E38B51882CA92D86003FEC15 /* ProgressCircleView.swift in Sources */,
				E38B51942CAA90B4003FEC15 /* Workout.swift in Sources */,
				E38B51842CA92927003FEC15 /* HomeView.swift in Sources */,
				E38B518B2CA9313B003FEC15 /* ActivityCardView.swift in Sources */,
				E38B51862CA92985003FEC15 /* HistoricDataView.swift in Sources */,
				E38B51922CAA906E003FEC15 /* Activity.swift in Sources */,
				E38B51762CA924E3003FEC15 /* ContentView.swift in Sources */,
				E38B51742CA924E3003FEC15 /* FitnessAppApp.swift in Sources */,
			);
			runOnlyForDeploymentPostprocessing = 0;
		};
/* End PBXSourcesBuildPhase section */

/* Begin XCBuildConfiguration section */
		E38B517C2CA924E6003FEC15 /* Debug */ = {
			isa = XCBuildConfiguration;
			buildSettings = {
				ALWAYS_SEARCH_USER_PATHS = NO;
				ASSETCATALOG_COMPILER_GENERATE_SWIFT_ASSET_SYMBOL_EXTENSIONS = YES;
				CLANG_ANALYZER_NONNULL = YES;
				CLANG_ANALYZER_NUMBER_OBJECT_CONVERSION = YES_AGGRESSIVE;
				CLANG_CXX_LANGUAGE_STANDARD = "gnu++20";
				CLANG_ENABLE_MODULES = YES;
				CLANG_ENABLE_OBJC_ARC = YES;
				CLANG_ENABLE_OBJC_WEAK = YES;
				CLANG_WARN_BLOCK_CAPTURE_AUTORELEASING = YES;
				CLANG_WARN_BOOL_CONVERSION = YES;
				CLANG_WARN_COMMA = YES;
				CLANG_WARN_CONSTANT_CONVERSION = YES;
				CLANG_WARN_DEPRECATED_OBJC_IMPLEMENTATIONS = YES;
				CLANG_WARN_DIRECT_OBJC_ISA_USAGE = YES_ERROR;
				CLANG_WARN_DOCUMENTATION_COMMENTS = YES;
				CLANG_WARN_EMPTY_BODY = YES;
				CLANG_WARN_ENUM_CONVERSION = YES;
				CLANG_WARN_INFINITE_RECURSION = YES;
				CLANG_WARN_INT_CONVERSION = YES;
				CLANG_WARN_NON_LITERAL_NULL_CONVERSION = YES;
				CLANG_WARN_OBJC_IMPLICIT_RETAIN_SELF = YES;
				CLANG_WARN_OBJC_LITERAL_CONVERSION = YES;
				CLANG_WARN_OBJC_ROOT_CLASS = YES_ERROR;
				CLANG_WARN_QUOTED_INCLUDE_IN_FRAMEWORK_HEADER = YES;
				CLANG_WARN_RANGE_LOOP_ANALYSIS = YES;
				CLANG_WARN_STRICT_PROTOTYPES = YES;
				CLANG_WARN_SUSPICIOUS_MOVE = YES;
				CLANG_WARN_UNGUARDED_AVAILABILITY = YES_AGGRESSIVE;
				CLANG_WARN_UNREACHABLE_CODE = YES;
				CLANG_WARN__DUPLICATE_METHOD_MATCH = YES;
				COPY_PHASE_STRIP = NO;
				DEBUG_INFORMATION_FORMAT = dwarf;
				ENABLE_STRICT_OBJC_MSGSEND = YES;
				ENABLE_TESTABILITY = YES;
				ENABLE_USER_SCRIPT_SANDBOXING = YES;
				GCC_C_LANGUAGE_STANDARD = gnu17;
				GCC_DYNAMIC_NO_PIC = NO;
				GCC_NO_COMMON_BLOCKS = YES;
				GCC_OPTIMIZATION_LEVEL = 0;
				GCC_PREPROCESSOR_DEFINITIONS = (
					"DEBUG=1",
					"$(inherited)",
				);
				GCC_WARN_64_TO_32_BIT_CONVERSION = YES;
				GCC_WARN_ABOUT_RETURN_TYPE = YES_ERROR;
				GCC_WARN_UNDECLARED_SELECTOR = YES;
				GCC_WARN_UNINITIALIZED_AUTOS = YES_AGGRESSIVE;
				GCC_WARN_UNUSED_FUNCTION = YES;
				GCC_WARN_UNUSED_VARIABLE = YES;
				IPHONEOS_DEPLOYMENT_TARGET = 17.4;
				LOCALIZATION_PREFERS_STRING_CATALOGS = YES;
				MTL_ENABLE_DEBUG_INFO = INCLUDE_SOURCE;
				MTL_FAST_MATH = YES;
				ONLY_ACTIVE_ARCH = YES;
				SDKROOT = iphoneos;
				SWIFT_ACTIVE_COMPILATION_CONDITIONS = "DEBUG $(inherited)";
				SWIFT_OPTIMIZATION_LEVEL = "-Onone";
			};
			name = Debug;
		};
		E38B517D2CA924E6003FEC15 /* Release */ = {
			isa = XCBuildConfiguration;
			buildSettings = {
				ALWAYS_SEARCH_USER_PATHS = NO;
				ASSETCATALOG_COMPILER_GENERATE_SWIFT_ASSET_SYMBOL_EXTENSIONS = YES;
				CLANG_ANALYZER_NONNULL = YES;
				CLANG_ANALYZER_NUMBER_OBJECT_CONVERSION = YES_AGGRESSIVE;
				CLANG_CXX_LANGUAGE_STANDARD = "gnu++20";
				CLANG_ENABLE_MODULES = YES;
				CLANG_ENABLE_OBJC_ARC = YES;
				CLANG_ENABLE_OBJC_WEAK = YES;
				CLANG_WARN_BLOCK_CAPTURE_AUTORELEASING = YES;
				CLANG_WARN_BOOL_CONVERSION = YES;
				CLANG_WARN_COMMA = YES;
				CLANG_WARN_CONSTANT_CONVERSION = YES;
				CLANG_WARN_DEPRECATED_OBJC_IMPLEMENTATIONS = YES;
				CLANG_WARN_DIRECT_OBJC_ISA_USAGE = YES_ERROR;
				CLANG_WARN_DOCUMENTATION_COMMENTS = YES;
				CLANG_WARN_EMPTY_BODY = YES;
				CLANG_WARN_ENUM_CONVERSION = YES;
				CLANG_WARN_INFINITE_RECURSION = YES;
				CLANG_WARN_INT_CONVERSION = YES;
				CLANG_WARN_NON_LITERAL_NULL_CONVERSION = YES;
				CLANG_WARN_OBJC_IMPLICIT_RETAIN_SELF = YES;
				CLANG_WARN_OBJC_LITERAL_CONVERSION = YES;
				CLANG_WARN_OBJC_ROOT_CLASS = YES_ERROR;
				CLANG_WARN_QUOTED_INCLUDE_IN_FRAMEWORK_HEADER = YES;
				CLANG_WARN_RANGE_LOOP_ANALYSIS = YES;
				CLANG_WARN_STRICT_PROTOTYPES = YES;
				CLANG_WARN_SUSPICIOUS_MOVE = YES;
				CLANG_WARN_UNGUARDED_AVAILABILITY = YES_AGGRESSIVE;
				CLANG_WARN_UNREACHABLE_CODE = YES;
				CLANG_WARN__DUPLICATE_METHOD_MATCH = YES;
				COPY_PHASE_STRIP = NO;
				DEBUG_INFORMATION_FORMAT = "dwarf-with-dsym";
				ENABLE_NS_ASSERTIONS = NO;
				ENABLE_STRICT_OBJC_MSGSEND = YES;
				ENABLE_USER_SCRIPT_SANDBOXING = YES;
				GCC_C_LANGUAGE_STANDARD = gnu17;
				GCC_NO_COMMON_BLOCKS = YES;
				GCC_WARN_64_TO_32_BIT_CONVERSION = YES;
				GCC_WARN_ABOUT_RETURN_TYPE = YES_ERROR;
				GCC_WARN_UNDECLARED_SELECTOR = YES;
				GCC_WARN_UNINITIALIZED_AUTOS = YES_AGGRESSIVE;
				GCC_WARN_UNUSED_FUNCTION = YES;
				GCC_WARN_UNUSED_VARIABLE = YES;
				IPHONEOS_DEPLOYMENT_TARGET = 17.4;
				LOCALIZATION_PREFERS_STRING_CATALOGS = YES;
				MTL_ENABLE_DEBUG_INFO = NO;
				MTL_FAST_MATH = YES;
				SDKROOT = iphoneos;
				SWIFT_COMPILATION_MODE = wholemodule;
				VALIDATE_PRODUCT = YES;
			};
			name = Release;
		};
		E38B517F2CA924E6003FEC15 /* Debug */ = {
			isa = XCBuildConfiguration;
			buildSettings = {
				ASSETCATALOG_COMPILER_APPICON_NAME = AppIcon;
				ASSETCATALOG_COMPILER_GLOBAL_ACCENT_COLOR_NAME = AccentColor;
				CODE_SIGN_STYLE = Automatic;
				CURRENT_PROJECT_VERSION = 1;
				DEVELOPMENT_ASSET_PATHS = "\"FitnessApp/Preview Content\"";
				DEVELOPMENT_TEAM = 252M99JBDA;
				ENABLE_PREVIEWS = YES;
				GENERATE_INFOPLIST_FILE = YES;
				INFOPLIST_KEY_UIApplicationSceneManifest_Generation = YES;
				INFOPLIST_KEY_UIApplicationSupportsIndirectInputEvents = YES;
				INFOPLIST_KEY_UILaunchScreen_Generation = YES;
				INFOPLIST_KEY_UISupportedInterfaceOrientations_iPad = "UIInterfaceOrientationPortrait UIInterfaceOrientationPortraitUpsideDown UIInterfaceOrientationLandscapeLeft UIInterfaceOrientationLandscapeRight";
				INFOPLIST_KEY_UISupportedInterfaceOrientations_iPhone = "UIInterfaceOrientationPortrait UIInterfaceOrientationLandscapeLeft UIInterfaceOrientationLandscapeRight";
				LD_RUNPATH_SEARCH_PATHS = (
					"$(inherited)",
					"@executable_path/Frameworks",
				);
				MARKETING_VERSION = 1.0;
				PRODUCT_BUNDLE_IDENTIFIER = com.apps.nvt.FitnessApp;
				PRODUCT_NAME = "$(TARGET_NAME)";
				SWIFT_EMIT_LOC_STRINGS = YES;
				SWIFT_VERSION = 5.0;
				TARGETED_DEVICE_FAMILY = "1,2";
			};
			name = Debug;
		};
		E38B51802CA924E6003FEC15 /* Release */ = {
			isa = XCBuildConfiguration;
			buildSettings = {
				ASSETCATALOG_COMPILER_APPICON_NAME = AppIcon;
				ASSETCATALOG_COMPILER_GLOBAL_ACCENT_COLOR_NAME = AccentColor;
				CODE_SIGN_STYLE = Automatic;
				CURRENT_PROJECT_VERSION = 1;
				DEVELOPMENT_ASSET_PATHS = "\"FitnessApp/Preview Content\"";
				DEVELOPMENT_TEAM = 252M99JBDA;
				ENABLE_PREVIEWS = YES;
				GENERATE_INFOPLIST_FILE = YES;
				INFOPLIST_KEY_UIApplicationSceneManifest_Generation = YES;
				INFOPLIST_KEY_UIApplicationSupportsIndirectInputEvents = YES;
				INFOPLIST_KEY_UILaunchScreen_Generation = YES;
				INFOPLIST_KEY_UISupportedInterfaceOrientations_iPad = "UIInterfaceOrientationPortrait UIInterfaceOrientationPortraitUpsideDown UIInterfaceOrientationLandscapeLeft UIInterfaceOrientationLandscapeRight";
				INFOPLIST_KEY_UISupportedInterfaceOrientations_iPhone = "UIInterfaceOrientationPortrait UIInterfaceOrientationLandscapeLeft UIInterfaceOrientationLandscapeRight";
				LD_RUNPATH_SEARCH_PATHS = (
					"$(inherited)",
					"@executable_path/Frameworks",
				);
				MARKETING_VERSION = 1.0;
				PRODUCT_BUNDLE_IDENTIFIER = com.apps.nvt.FitnessApp;
				PRODUCT_NAME = "$(TARGET_NAME)";
				SWIFT_EMIT_LOC_STRINGS = YES;
				SWIFT_VERSION = 5.0;
				TARGETED_DEVICE_FAMILY = "1,2";
			};
			name = Release;
		};
/* End XCBuildConfiguration section */

/* Begin XCConfigurationList section */
		E38B516B2CA924E3003FEC15 /* Build configuration list for PBXProject "FitnessApp" */ = {
			isa = XCConfigurationList;
			buildConfigurations = (
				E38B517C2CA924E6003FEC15 /* Debug */,
				E38B517D2CA924E6003FEC15 /* Release */,
			);
			defaultConfigurationIsVisible = 0;
			defaultConfigurationName = Release;
		};
		E38B517E2CA924E6003FEC15 /* Build configuration list for PBXNativeTarget "FitnessApp" */ = {
			isa = XCConfigurationList;
			buildConfigurations = (
				E38B517F2CA924E6003FEC15 /* Debug */,
				E38B51802CA924E6003FEC15 /* Release */,
			);
			defaultConfigurationIsVisible = 0;
			defaultConfigurationName = Release;
		};
/* End XCConfigurationList section */
	};
	rootObject = E38B51682CA924E3003FEC15 /* Project object */;
}
